
Microsoft Visual Studio Solution File, Format Version 12.00
# Visual Studio Version 16
VisualStudioVersion = 16.0.30323.103
MinimumVisualStudioVersion = 15.0.26124.0
Project("{9A19103F-16F7-4668-BE54-9A1E7A4F7556}") = "Mockery", "src\Mockery.csproj", "{5BEEEEA4-C5F2-4433-9A15-9963C9F63EB5}"
EndProject
Project("{2150E333-8FDC-42A3-9474-1A3956D46DE8}") = "Solution Items", "Solution Items", "{0AA2D96B-0C36-4819-BE61-BF78B953667F}"
	ProjectSection(SolutionItems) = preProject
		.editorconfig = .editorconfig
	EndProjectSection
EndProject
Project("{9A19103F-16F7-4668-BE54-9A1E7A4F7556}") = "Mockery.Test", "test\Mockery.Test.csproj", "{CDE3ADCC-29FE-426F-AF92-52048FABDC3C}"
EndProject
Global
	GlobalSection(SolutionConfigurationPlatforms) = preSolution
		Debug|Any CPU = Debug|Any CPU
		Debug|x64 = Debug|x64
		Debug|x86 = Debug|x86
		Release|Any CPU = Release|Any CPU
		Release|x64 = Release|x64
		Release|x86 = Release|x86
	EndGlobalSection
	GlobalSection(ProjectConfigurationPlatforms) = postSolution
		{5BEEEEA4-C5F2-4433-9A15-9963C9F63EB5}.Debug|Any CPU.ActiveCfg = Debug|Any CPU
		{5BEEEEA4-C5F2-4433-9A15-9963C9F63EB5}.Debug|Any CPU.Build.0 = Debug|Any CPU
		{5BEEEEA4-C5F2-4433-9A15-9963C9F63EB5}.Debug|x64.ActiveCfg = Debug|Any CPU
		{5BEEEEA4-C5F2-4433-9A15-9963C9F63EB5}.Debug|x64.Build.0 = Debug|Any CPU
		{5BEEEEA4-C5F2-4433-9A15-9963C9F63EB5}.Debug|x86.ActiveCfg = Debug|Any CPU
		{5BEEEEA4-C5F2-4433-9A15-9963C9F63EB5}.Debug|x86.Build.0 = Debug|Any CPU
		{5BEEEEA4-C5F2-4433-9A15-9963C9F63EB5}.Release|Any CPU.ActiveCfg = Release|Any CPU
		{5BEEEEA4-C5F2-4433-9A15-9963C9F63EB5}.Release|Any CPU.Build.0 = Release|Any CPU
		{5BEEEEA4-C5F2-4433-9A15-9963C9F63EB5}.Release|x64.ActiveCfg = Release|Any CPU
		{5BEEEEA4-C5F2-4433-9A15-9963C9F63EB5}.Release|x64.Build.0 = Release|Any CPU
		{5BEEEEA4-C5F2-4433-9A15-9963C9F63EB5}.Release|x86.ActiveCfg = Release|Any CPU
		{5BEEEEA4-C5F2-4433-9A15-9963C9F63EB5}.Release|x86.Build.0 = Release|Any CPU
		{CDE3ADCC-29FE-426F-AF92-52048FABDC3C}.Debug|Any CPU.ActiveCfg = Debug|Any CPU
		{CDE3ADCC-29FE-426F-AF92-52048FABDC3C}.Debug|Any CPU.Build.0 = Debug|Any CPU
		{CDE3ADCC-29FE-426F-AF92-52048FABDC3C}.Debug|x64.ActiveCfg = Debug|Any CPU
		{CDE3ADCC-29FE-426F-AF92-52048FABDC3C}.Debug|x64.Build.0 = Debug|Any CPU
		{CDE3ADCC-29FE-426F-AF92-52048FABDC3C}.Debug|x86.ActiveCfg = Debug|Any CPU
		{CDE3ADCC-29FE-426F-AF92-52048FABDC3C}.Debug|x86.Build.0 = Debug|Any CPU
		{CDE3ADCC-29FE-426F-AF92-52048FABDC3C}.Release|Any CPU.ActiveCfg = Release|Any CPU
		{CDE3ADCC-29FE-426F-AF92-52048FABDC3C}.Release|Any CPU.Build.0 = Release|Any CPU
		{CDE3ADCC-29FE-426F-AF92-52048FABDC3C}.Release|x64.ActiveCfg = Release|Any CPU
		{CDE3ADCC-29FE-426F-AF92-52048FABDC3C}.Release|x64.Build.0 = Release|Any CPU
		{CDE3ADCC-29FE-426F-AF92-52048FABDC3C}.Release|x86.ActiveCfg = Release|Any CPU
		{CDE3ADCC-29FE-426F-AF92-52048FABDC3C}.Release|x86.Build.0 = Release|Any CPU
	EndGlobalSection
	GlobalSection(SolutionProperties) = preSolution
		HideSolutionNode = FALSE
	EndGlobalSection
	GlobalSection(ExtensibilityGlobals) = postSolution
		SolutionGuid = {D799A2E7-16D3-449C-9CBD-FBEF7BBAB80F}
	EndGlobalSection
EndGlobal
